
Microsoft Visual Studio Solution File, Format Version 12.00
# Visual Studio Version 16
VisualStudioVersion = 16.0.30503.244
MinimumVisualStudioVersion = 10.0.40219.1
Project("{9A19103F-16F7-4668-BE54-9A1E7A4F7556}") = "Tenuto.Sudoku.Core", "Tenuto.Sudoku.Core\Tenuto.Sudoku.Core.csproj", "{C1111A2F-56D8-4444-8256-579D5CFF5CFA}"
EndProject
Project("{9A19103F-16F7-4668-BE54-9A1E7A4F7556}") = "Tenuto.Sudoku.Test", "Tenuto.Sudoku.Test\Tenuto.Sudoku.Test.csproj", "{8733401E-E836-41E9-B042-AC3B72999AD8}"
EndProject
Global
	GlobalSection(SolutionConfigurationPlatforms) = preSolution
		Debug|Any CPU = Debug|Any CPU
		Debug|ARM = Debug|ARM
		Debug|ARM64 = Debug|ARM64
		Debug|x64 = Debug|x64
		Debug|x86 = Debug|x86
		Release|Any CPU = Release|Any CPU
		Release|ARM = Release|ARM
		Release|ARM64 = Release|ARM64
		Release|x64 = Release|x64
		Release|x86 = Release|x86
	EndGlobalSection
	GlobalSection(ProjectConfigurationPlatforms) = postSolution
		{C1111A2F-56D8-4444-8256-579D5CFF5CFA}.Debug|Any CPU.ActiveCfg = Debug|Any CPU
		{C1111A2F-56D8-4444-8256-579D5CFF5CFA}.Debug|Any CPU.Build.0 = Debug|Any CPU
		{C1111A2F-56D8-4444-8256-579D5CFF5CFA}.Debug|ARM.ActiveCfg = Debug|Any CPU
		{C1111A2F-56D8-4444-8256-579D5CFF5CFA}.Debug|ARM.Build.0 = Debug|Any CPU
		{C1111A2F-56D8-4444-8256-579D5CFF5CFA}.Debug|ARM64.ActiveCfg = Debug|Any CPU
		{C1111A2F-56D8-4444-8256-579D5CFF5CFA}.Debug|ARM64.Build.0 = Debug|Any CPU
		{C1111A2F-56D8-4444-8256-579D5CFF5CFA}.Debug|x64.ActiveCfg = Debug|Any CPU
		{C1111A2F-56D8-4444-8256-579D5CFF5CFA}.Debug|x64.Build.0 = Debug|Any CPU
		{C1111A2F-56D8-4444-8256-579D5CFF5CFA}.Debug|x86.ActiveCfg = Debug|Any CPU
		{C1111A2F-56D8-4444-8256-579D5CFF5CFA}.Debug|x86.Build.0 = Debug|Any CPU
		{C1111A2F-56D8-4444-8256-579D5CFF5CFA}.Release|Any CPU.ActiveCfg = Release|Any CPU
		{C1111A2F-56D8-4444-8256-579D5CFF5CFA}.Release|Any CPU.Build.0 = Release|Any CPU
		{C1111A2F-56D8-4444-8256-579D5CFF5CFA}.Release|ARM.ActiveCfg = Release|Any CPU
		{C1111A2F-56D8-4444-8256-579D5CFF5CFA}.Release|ARM.Build.0 = Release|Any CPU
		{C1111A2F-56D8-4444-8256-579D5CFF5CFA}.Release|ARM64.ActiveCfg = Release|Any CPU
		{C1111A2F-56D8-4444-8256-579D5CFF5CFA}.Release|ARM64.Build.0 = Release|Any CPU
		{C1111A2F-56D8-4444-8256-579D5CFF5CFA}.Release|x64.ActiveCfg = Release|Any CPU
		{C1111A2F-56D8-4444-8256-579D5CFF5CFA}.Release|x64.Build.0 = Release|Any CPU
		{C1111A2F-56D8-4444-8256-579D5CFF5CFA}.Release|x86.ActiveCfg = Release|Any CPU
		{C1111A2F-56D8-4444-8256-579D5CFF5CFA}.Release|x86.Build.0 = Release|Any CPU
		{8733401E-E836-41E9-B042-AC3B72999AD8}.Debug|Any CPU.ActiveCfg = Debug|Any CPU
		{8733401E-E836-41E9-B042-AC3B72999AD8}.Debug|Any CPU.Build.0 = Debug|Any CPU
		{8733401E-E836-41E9-B042-AC3B72999AD8}.Debug|ARM.ActiveCfg = Debug|Any CPU
		{8733401E-E836-41E9-B042-AC3B72999AD8}.Debug|ARM.Build.0 = Debug|Any CPU
		{8733401E-E836-41E9-B042-AC3B72999AD8}.Debug|ARM64.ActiveCfg = Debug|Any CPU
		{8733401E-E836-41E9-B042-AC3B72999AD8}.Debug|ARM64.Build.0 = Debug|Any CPU
		{8733401E-E836-41E9-B042-AC3B72999AD8}.Debug|x64.ActiveCfg = Debug|Any CPU
		{8733401E-E836-41E9-B042-AC3B72999AD8}.Debug|x64.Build.0 = Debug|Any CPU
		{8733401E-E836-41E9-B042-AC3B72999AD8}.Debug|x86.ActiveCfg = Debug|Any CPU
		{8733401E-E836-41E9-B042-AC3B72999AD8}.Debug|x86.Build.0 = Debug|Any CPU
		{8733401E-E836-41E9-B042-AC3B72999AD8}.Release|Any CPU.ActiveCfg = Release|Any CPU
		{8733401E-E836-41E9-B042-AC3B72999AD8}.Release|Any CPU.Build.0 = Release|Any CPU
		{8733401E-E836-41E9-B042-AC3B72999AD8}.Release|ARM.ActiveCfg = Release|Any CPU
		{8733401E-E836-41E9-B042-AC3B72999AD8}.Release|ARM.Build.0 = Release|Any CPU
		{8733401E-E836-41E9-B042-AC3B72999AD8}.Release|ARM64.ActiveCfg = Release|Any CPU
		{8733401E-E836-41E9-B042-AC3B72999AD8}.Release|ARM64.Build.0 = Release|Any CPU
		{8733401E-E836-41E9-B042-AC3B72999AD8}.Release|x64.ActiveCfg = Release|Any CPU
		{8733401E-E836-41E9-B042-AC3B72999AD8}.Release|x64.Build.0 = Release|Any CPU
		{8733401E-E836-41E9-B042-AC3B72999AD8}.Release|x86.ActiveCfg = Release|Any CPU
		{8733401E-E836-41E9-B042-AC3B72999AD8}.Release|x86.Build.0 = Release|Any CPU
	EndGlobalSection
	GlobalSection(SolutionProperties) = preSolution
		HideSolutionNode = FALSE
	EndGlobalSection
	GlobalSection(ExtensibilityGlobals) = postSolution
		SolutionGuid = {799B12AF-2E88-4FD8-8385-9B4110553DC0}
	EndGlobalSection
EndGlobal
